{
  "name": "deneme",
  "lockfileVersion": 2,
  "requires": true,
  "packages": {
    "": {
      "dependencies": {
        "net": "^1.0.2",
        "tello-drone": "^3.0.6"
      }
    },
    "node_modules/net": {
      "version": "1.0.2",
      "resolved": "https://registry.npmjs.org/net/-/net-1.0.2.tgz",
      "integrity": "sha512-kbhcj2SVVR4caaVnGLJKmlk2+f+oLkjqdKeQlmUtz6nGzOpbcobwVIeSURNgraV/v3tlmGIX82OcPCl0K6RbHQ=="
    },
    "node_modules/tello-drone": {
      "version": "3.0.6",
      "resolved": "https://registry.npmjs.org/tello-drone/-/tello-drone-3.0.6.tgz",
      "integrity": "sha512-pUYRzYUaLEW7rACerheHGahBsDxyJP1gEH49RuAz1rcvJGlCKDxmfd101bYS8+hfdL28tSIUECh/uKppfsft+w=="
    }
  },
  "dependencies": {
    "net": {
      "version": "1.0.2",
      "resolved": "https://registry.npmjs.org/net/-/net-1.0.2.tgz",
      "integrity": "sha512-kbhcj2SVVR4caaVnGLJKmlk2+f+oLkjqdKeQlmUtz6nGzOpbcobwVIeSURNgraV/v3tlmGIX82OcPCl0K6RbHQ=="
    },
    "tello-drone": {
      "version": "3.0.6",
      "resolved": "https://registry.npmjs.org/tello-drone/-/tello-drone-3.0.6.tgz",
      "integrity": "sha512-pUYRzYUaLEW7rACerheHGahBsDxyJP1gEH49RuAz1rcvJGlCKDxmfd101bYS8+hfdL28tSIUECh/uKppfsft+w=="
    }
  }
}
